{
  "nodes": {
    "nixpkgs": {
      "locked": {
        "lastModified": 1619365841,
        "narHash": "sha256-90dFaja+61BEhB5gC+FghWFmvfDzrP5qngYwNrQUvu4=",
        "owner": "nixos",
        "repo": "nixpkgs",
        "rev": "9788d31a0e856dd794ef7bccb7eebc9bae75cf21",
        "type": "github"
      },
      "original": {
        "owner": "nixos",
        "repo": "nixpkgs",
        "type": "github"
      }
    },
    "qmk": {
      "flake": false,
      "locked": {
        "lastModified": 1619606773,
        "narHash": "sha256-ynAIfY4+fL/6Z8SOeiWZOi11U13n/49GqrhZuYvJmJo=",
        "ref": "master",
        "rev": "54e8dd08857b04c1bdf28e2eaa6cc7aefd72f70f",
        "revCount": 15396,
        "submodules": true,
        "type": "git",
        "url": "https://github.com/qmk/qmk_firmware.git"
      },
      "original": {
        "submodules": true,
        "type": "git",
        "url": "https://github.com/qmk/qmk_firmware.git"
      }
    },
    "root": {
      "inputs": {
        "nixpkgs": "nixpkgs",
        "qmk": "qmk",
        "utils": "utils"
      }
    },
    "utils": {
      "locked": {
        "lastModified": 1619345332,
        "narHash": "sha256-qHnQkEp1uklKTpx3MvKtY6xzgcqXDsz5nLilbbuL+3A=",
        "owner": "numtide",
        "repo": "flake-utils",
        "rev": "2ebf2558e5bf978c7fb8ea927dfaed8fefab2e28",
        "type": "github"
      },
      "original": {
        "owner": "numtide",
        "repo": "flake-utils",
        "type": "github"
      }
    }
  },
  "root": "root",
  "version": 7
}
