{
  "nodes": {
    "nixpkgs": {
      "locked": {
        "lastModified": 1627023902,
        "narHash": "sha256-Nd0TKMD7+JO0ulCh7f5A93+DVRcLrrtwr+UgOeFKcu8=",
        "owner": "nixos",
        "repo": "nixpkgs",
        "rev": "0acf96eb7f42651147261441a384c10854a5cde5",
        "type": "github"
      },
      "original": {
        "owner": "nixos",
        "repo": "nixpkgs",
        "type": "github"
      }
    },
    "qmk": {
      "flake": false,
      "locked": {
        "lastModified": 1627015535,
        "narHash": "sha256-eBJvrK4ViXSU9tL36f4JNfkr6d2MHsDRsMIPQ+qXXo4=",
        "ref": "master",
        "rev": "cda1792ece293cbea27c3e3039edd1ae8aada2ca",
        "revCount": 15911,
        "submodules": true,
        "type": "git",
        "url": "https://github.com/qmk/qmk_firmware.git"
      },
      "original": {
        "submodules": true,
        "type": "git",
        "url": "https://github.com/qmk/qmk_firmware.git"
      }
    },
    "root": {
      "inputs": {
        "nixpkgs": "nixpkgs",
        "qmk": "qmk",
        "utils": "utils"
      }
    },
    "utils": {
      "locked": {
        "lastModified": 1623875721,
        "narHash": "sha256-A8BU7bjS5GirpAUv4QA+QnJ4CceLHkcXdRp4xITDB0s=",
        "owner": "numtide",
        "repo": "flake-utils",
        "rev": "f7e004a55b120c02ecb6219596820fcd32ca8772",
        "type": "github"
      },
      "original": {
        "owner": "numtide",
        "repo": "flake-utils",
        "type": "github"
      }
    }
  },
  "root": "root",
  "version": 7
}
